
Microsoft Visual Studio Solution File, Format Version 12.00
# Visual Studio Version 17
VisualStudioVersion = 17.0.31903.59
MinimumVisualStudioVersion = 10.0.40219.1
Project("{FAE04EC0-301F-11D3-BF4B-00C04F79EFBC}") = "CentroEventos.Aplicacion", "CentroEventos.Aplicacion\CentroEventos.Aplicacion.csproj", "{026F6038-59E3-44A3-A6B6-549FCCC9E81D}"
EndProject
Project("{FAE04EC0-301F-11D3-BF4B-00C04F79EFBC}") = "CentroEventos.Repositorios", "CentroEventos.Repositorios\CentroEventos.Repositorios.csproj", "{6C67C498-D1B1-48A2-A604-B764234F8703}"
EndProject
Project("{FAE04EC0-301F-11D3-BF4B-00C04F79EFBC}") = "CentroEventos.Consola", "CentroEventos.Consola\CentroEventos.Consola.csproj", "{4DE20106-5B0A-4692-B146-DB04F0CF6C25}"
EndProject
Global
	GlobalSection(SolutionConfigurationPlatforms) = preSolution
		Debug|Any CPU = Debug|Any CPU
		Release|Any CPU = Release|Any CPU
	EndGlobalSection
	GlobalSection(SolutionProperties) = preSolution
		HideSolutionNode = FALSE
	EndGlobalSection
	GlobalSection(ProjectConfigurationPlatforms) = postSolution
		{026F6038-59E3-44A3-A6B6-549FCCC9E81D}.Debug|Any CPU.ActiveCfg = Debug|Any CPU
		{026F6038-59E3-44A3-A6B6-549FCCC9E81D}.Debug|Any CPU.Build.0 = Debug|Any CPU
		{026F6038-59E3-44A3-A6B6-549FCCC9E81D}.Release|Any CPU.ActiveCfg = Release|Any CPU
		{026F6038-59E3-44A3-A6B6-549FCCC9E81D}.Release|Any CPU.Build.0 = Release|Any CPU
		{6C67C498-D1B1-48A2-A604-B764234F8703}.Debug|Any CPU.ActiveCfg = Debug|Any CPU
		{6C67C498-D1B1-48A2-A604-B764234F8703}.Debug|Any CPU.Build.0 = Debug|Any CPU
		{6C67C498-D1B1-48A2-A604-B764234F8703}.Release|Any CPU.ActiveCfg = Release|Any CPU
		{6C67C498-D1B1-48A2-A604-B764234F8703}.Release|Any CPU.Build.0 = Release|Any CPU
		{4DE20106-5B0A-4692-B146-DB04F0CF6C25}.Debug|Any CPU.ActiveCfg = Debug|Any CPU
		{4DE20106-5B0A-4692-B146-DB04F0CF6C25}.Debug|Any CPU.Build.0 = Debug|Any CPU
		{4DE20106-5B0A-4692-B146-DB04F0CF6C25}.Release|Any CPU.ActiveCfg = Release|Any CPU
		{4DE20106-5B0A-4692-B146-DB04F0CF6C25}.Release|Any CPU.Build.0 = Release|Any CPU
	EndGlobalSection
EndGlobal
